
Microsoft Visual Studio Solution File, Format Version 12.00
# Visual Studio Version 17
VisualStudioVersion = 17.3.32901.215
MinimumVisualStudioVersion = 10.0.40219.1
Project("{FAE04EC0-301F-11D3-BF4B-00C04F79EFBC}") = "EmpanadaReviewCS", "EmpanadaReviewCS\EmpanadaReviewCS.csproj", "{2FE55AC8-2028-4159-9DA2-AF7EB36B1437}"
EndProject
Global
	GlobalSection(SolutionConfigurationPlatforms) = preSolution
		Debug|Any CPU = Debug|Any CPU
		Release|Any CPU = Release|Any CPU
	EndGlobalSection
	GlobalSection(ProjectConfigurationPlatforms) = postSolution
		{2FE55AC8-2028-4159-9DA2-AF7EB36B1437}.Debug|Any CPU.ActiveCfg = Debug|Any CPU
		{2FE55AC8-2028-4159-9DA2-AF7EB36B1437}.Debug|Any CPU.Build.0 = Debug|Any CPU
		{2FE55AC8-2028-4159-9DA2-AF7EB36B1437}.Release|Any CPU.ActiveCfg = Release|Any CPU
		{2FE55AC8-2028-4159-9DA2-AF7EB36B1437}.Release|Any CPU.Build.0 = Release|Any CPU
	EndGlobalSection
	GlobalSection(SolutionProperties) = preSolution
		HideSolutionNode = FALSE
	EndGlobalSection
	GlobalSection(ExtensibilityGlobals) = postSolution
		SolutionGuid = {684EE95A-081A-472A-BCD8-17CB14C39F14}
	EndGlobalSection
EndGlobal
